
Microsoft Visual Studio Solution File, Format Version 12.00
# Visual Studio Version 17
VisualStudioVersion = 17.4.33110.190
MinimumVisualStudioVersion = 10.0.40219.1
Project("{9A19103F-16F7-4668-BE54-9A1E7A4F7556}") = "EserciztazioneBiblioteca", "EserciztazioneBiblioteca\EserciztazioneBiblioteca.csproj", "{088F6795-FAA3-4085-B179-852C18E61CF7}"
EndProject
Global
	GlobalSection(SolutionConfigurationPlatforms) = preSolution
		Debug|Any CPU = Debug|Any CPU
		Release|Any CPU = Release|Any CPU
	EndGlobalSection
	GlobalSection(ProjectConfigurationPlatforms) = postSolution
		{088F6795-FAA3-4085-B179-852C18E61CF7}.Debug|Any CPU.ActiveCfg = Debug|Any CPU
		{088F6795-FAA3-4085-B179-852C18E61CF7}.Debug|Any CPU.Build.0 = Debug|Any CPU
		{088F6795-FAA3-4085-B179-852C18E61CF7}.Release|Any CPU.ActiveCfg = Release|Any CPU
		{088F6795-FAA3-4085-B179-852C18E61CF7}.Release|Any CPU.Build.0 = Release|Any CPU
	EndGlobalSection
	GlobalSection(SolutionProperties) = preSolution
		HideSolutionNode = FALSE
	EndGlobalSection
	GlobalSection(ExtensibilityGlobals) = postSolution
		SolutionGuid = {F2A37644-B0FB-4CEB-BCEA-CB1D151CBDA4}
	EndGlobalSection
EndGlobal
